dependencies:
  idf:
    source:
      type: idf
    version: 5.5.0
  lvgl/lvgl:
    component_hash: d7c1ac037ae6e85d94897f807d6e7ba0946a83e720074fc95a4f6241da9f9f53
    dependencies: []
    source:
      registry_url: https://components.espressif.com/
      type: service
    version: 8.4.0
direct_dependencies:
- lvgl/lvgl
manifest_hash: a9af2d2ba819189116ac49af45bd19f43f4d4587ca5f67c71a9898fe2f51c8db
target: esp32
version: 2.0.0
